<?xml version="1.0" encoding="utf-8"?>
<Project ToolsVersion="4.0" xmlns="http://schemas.microsoft.com/developer/msbuild/2003">
  <ItemGroup>
    <ClInclude Include="Core.hpp" />
    <ClInclude Include="Winsock\Client\Client.hpp" />
    <ClInclude Include="Winsock\Winsock.h" />
    <ClInclude Include="Winsock\Server\Server.h" />
    <ClInclude Include="ObjPool\ObjPool.h" />
    <ClInclude Include="Singleton.h" />
  </ItemGroup>
  <ItemGroup>
    <ClCompile Include="EntryPt.cpp" />
    <ClCompile Include="Winsock\Winsock.cpp" />
    <ClCompile Include="Winsock\Server\Server.cpp" />
  </ItemGroup>
  <ItemGroup>
    <None Include="cpp.hint" />
    <None Include="ObjPool\ObjPool.inl" />
  </ItemGroup>
</Project>